// !$*UTF8*$!
{
	archiveVersion = 1;
	classes = {
	};
	objectVersion = 56;
	objects = {

/* Begin PBXBuildFile section */
		0BF660D72C3692850077DB28 /* AppDelegate.swift in Sources */ = {isa = PBXBuildFile; fileRef = 0BF660D62C3692850077DB28 /* AppDelegate.swift */; };
		0BF660D92C3692850077DB28 /* SceneDelegate.swift in Sources */ = {isa = PBXBuildFile; fileRef = 0BF660D82C3692850077DB28 /* SceneDelegate.swift */; };
		0BF660DB2C3692850077DB28 /* ViewController.swift in Sources */ = {isa = PBXBuildFile; fileRef = 0BF660DA2C3692850077DB28 /* ViewController.swift */; };
		0BF660DE2C3692850077DB28 /* Main.storyboard in Resources */ = {isa = PBXBuildFile; fileRef = 0BF660DC2C3692850077DB28 /* Main.storyboard */; };
		0BF660E02C3692870077DB28 /* Assets.xcassets in Resources */ = {isa = PBXBuildFile; fileRef = 0BF660DF2C3692870077DB28 /* Assets.xcassets */; };
		0BF660E32C3692870077DB28 /* LaunchScreen.storyboard in Resources */ = {isa = PBXBuildFile; fileRef = 0BF660E12C3692870077DB28 /* LaunchScreen.storyboard */; };
		0BF660EE2C3692870077DB28 /* R_Tests.swift in Sources */ = {isa = PBXBuildFile; fileRef = 0BF660ED2C3692870077DB28 /* R_Tests.swift */; };
		0BF660F82C3692870077DB28 /* R_UITests.swift in Sources */ = {isa = PBXBuildFile; fileRef = 0BF660F72C3692870077DB28 /* R_UITests.swift */; };
		0BF660FA2C3692870077DB28 /* R_UITestsLaunchTests.swift in Sources */ = {isa = PBXBuildFile; fileRef = 0BF660F92C3692870077DB28 /* R_UITestsLaunchTests.swift */; };
/* End PBXBuildFile section */

/* Begin PBXContainerItemProxy section */
		0BF660EA2C3692870077DB28 /* PBXContainerItemProxy */ = {
			isa = PBXContainerItemProxy;
			containerPortal = 0BF660CB2C3692850077DB28 /* Project object */;
			proxyType = 1;
			remoteGlobalIDString = 0BF660D22C3692850077DB28;
			remoteInfo = "R+";
		};
		0BF660F42C3692870077DB28 /* PBXContainerItemProxy */ = {
			isa = PBXContainerItemProxy;
			containerPortal = 0BF660CB2C3692850077DB28 /* Project object */;
			proxyType = 1;
			remoteGlobalIDString = 0BF660D22C3692850077DB28;
			remoteInfo = "R+";
		};
/* End PBXContainerItemProxy section */

/* Begin PBXFileReference section */
		0BF660D32C3692850077DB28 /* R+.app */ = {isa = PBXFileReference; explicitFileType = wrapper.application; includeInIndex = 0; path = "R+.app"; sourceTree = BUILT_PRODUCTS_DIR; };
		0BF660D62C3692850077DB28 /* AppDelegate.swift */ = {isa = PBXFileReference; lastKnownFileType = sourcecode.swift; path = AppDelegate.swift; sourceTree = "<group>"; };
		0BF660D82C3692850077DB28 /* SceneDelegate.swift */ = {isa = PBXFileReference; lastKnownFileType = sourcecode.swift; path = SceneDelegate.swift; sourceTree = "<group>"; };
		0BF660DA2C3692850077DB28 /* ViewController.swift */ = {isa = PBXFileReference; lastKnownFileType = sourcecode.swift; path = ViewController.swift; sourceTree = "<group>"; };
		0BF660DD2C3692850077DB28 /* Base */ = {isa = PBXFileReference; lastKnownFileType = file.storyboard; name = Base; path = Base.lproj/Main.storyboard; sourceTree = "<group>"; };
		0BF660DF2C3692870077DB28 /* Assets.xcassets */ = {isa = PBXFileReference; lastKnownFileType = folder.assetcatalog; path = Assets.xcassets; sourceTree = "<group>"; };
		0BF660E22C3692870077DB28 /* Base */ = {isa = PBXFileReference; lastKnownFileType = file.storyboard; name = Base; path = Base.lproj/LaunchScreen.storyboard; sourceTree = "<group>"; };
		0BF660E42C3692870077DB28 /* Info.plist */ = {isa = PBXFileReference; lastKnownFileType = text.plist.xml; path = Info.plist; sourceTree = "<group>"; };
		0BF660E92C3692870077DB28 /* R+Tests.xctest */ = {isa = PBXFileReference; explicitFileType = wrapper.cfbundle; includeInIndex = 0; path = "R+Tests.xctest"; sourceTree = BUILT_PRODUCTS_DIR; };
		0BF660ED2C3692870077DB28 /* R_Tests.swift */ = {isa = PBXFileReference; lastKnownFileType = sourcecode.swift; path = R_Tests.swift; sourceTree = "<group>"; };
		0BF660F32C3692870077DB28 /* R+UITests.xctest */ = {isa = PBXFileReference; explicitFileType = wrapper.cfbundle; includeInIndex = 0; path = "R+UITests.xctest"; sourceTree = BUILT_PRODUCTS_DIR; };
		0BF660F72C3692870077DB28 /* R_UITests.swift */ = {isa = PBXFileReference; lastKnownFileType = sourcecode.swift; path = R_UITests.swift; sourceTree = "<group>"; };
		0BF660F92C3692870077DB28 /* R_UITestsLaunchTests.swift */ = {isa = PBXFileReference; lastKnownFileType = sourcecode.swift; path = R_UITestsLaunchTests.swift; sourceTree = "<group>"; };
/* End PBXFileReference section */

/* Begin PBXFrameworksBuildPhase section */
		0BF660D02C3692850077DB28 /* Frameworks */ = {
			isa = PBXFrameworksBuildPhase;
			buildActionMask = 2147483647;
			files = (
			);
			runOnlyForDeploymentPostprocessing = 0;
		};
		0BF660E62C3692870077DB28 /* Frameworks */ = {
			isa = PBXFrameworksBuildPhase;
			buildActionMask = 2147483647;
			files = (
			);
			runOnlyForDeploymentPostprocessing = 0;
		};
		0BF660F02C3692870077DB28 /* Frameworks */ = {
			isa = PBXFrameworksBuildPhase;
			buildActionMask = 2147483647;
			files = (
			);
			runOnlyForDeploymentPostprocessing = 0;
		};
/* End PBXFrameworksBuildPhase section */

/* Begin PBXGroup section */
		0BF660CA2C3692850077DB28 = {
			isa = PBXGroup;
			children = (
				0BF660D52C3692850077DB28 /* R+ */,
				0BF660EC2C3692870077DB28 /* R+Tests */,
				0BF660F62C3692870077DB28 /* R+UITests */,
				0BF660D42C3692850077DB28 /* Products */,
			);
			sourceTree = "<group>";
		};
		0BF660D42C3692850077DB28 /* Products */ = {
			isa = PBXGroup;
			children = (
				0BF660D32C3692850077DB28 /* R+.app */,
				0BF660E92C3692870077DB28 /* R+Tests.xctest */,
				0BF660F32C3692870077DB28 /* R+UITests.xctest */,
			);
			name = Products;
			sourceTree = "<group>";
		};
		0BF660D52C3692850077DB28 /* R+ */ = {
			isa = PBXGroup;
			children = (
				0BF660D62C3692850077DB28 /* AppDelegate.swift */,
				0BF660D82C3692850077DB28 /* SceneDelegate.swift */,
				0BF660DA2C3692850077DB28 /* ViewController.swift */,
				0BF660DC2C3692850077DB28 /* Main.storyboard */,
				0BF660DF2C3692870077DB28 /* Assets.xcassets */,
				0BF660E12C3692870077DB28 /* LaunchScreen.storyboard */,
				0BF660E42C3692870077DB28 /* Info.plist */,
			);
			path = "R+";
			sourceTree = "<group>";
		};
		0BF660EC2C3692870077DB28 /* R+Tests */ = {
			isa = PBXGroup;
			children = (
				0BF660ED2C3692870077DB28 /* R_Tests.swift */,
			);
			path = "R+Tests";
			sourceTree = "<group>";
		};
		0BF660F62C3692870077DB28 /* R+UITests */ = {
			isa = PBXGroup;
			children = (
				0BF660F72C3692870077DB28 /* R_UITests.swift */,
				0BF660F92C3692870077DB28 /* R_UITestsLaunchTests.swift */,
			);
			path = "R+UITests";
			sourceTree = "<group>";
		};
/* End PBXGroup section */

/* Begin PBXNativeTarget section */
		0BF660D22C3692850077DB28 /* R+ */ = {
			isa = PBXNativeTarget;
			buildConfigurationList = 0BF660FD2C3692870077DB28 /* Build configuration list for PBXNativeTarget "R+" */;
			buildPhases = (
				0BF660CF2C3692850077DB28 /* Sources */,
				0BF660D02C3692850077DB28 /* Frameworks */,
				0BF660D12C3692850077DB28 /* Resources */,
			);
			buildRules = (
			);
			dependencies = (
			);
			name = "R+";
			productName = "R+";
			productReference = 0BF660D32C3692850077DB28 /* R+.app */;
			productType = "com.apple.product-type.application";
		};
		0BF660E82C3692870077DB28 /* R+Tests */ = {
			isa = PBXNativeTarget;
			buildConfigurationList = 0BF661002C3692870077DB28 /* Build configuration list for PBXNativeTarget "R+Tests" */;
			buildPhases = (
				0BF660E52C3692870077DB28 /* Sources */,
				0BF660E62C3692870077DB28 /* Frameworks */,
				0BF660E72C3692870077DB28 /* Resources */,
			);
			buildRules = (
			);
			dependencies = (
				0BF660EB2C3692870077DB28 /* PBXTargetDependency */,
			);
			name = "R+Tests";
			productName = "R+Tests";
			productReference = 0BF660E92C3692870077DB28 /* R+Tests.xctest */;
			productType = "com.apple.product-type.bundle.unit-test";
		};
		0BF660F22C3692870077DB28 /* R+UITests */ = {
			isa = PBXNativeTarget;
			buildConfigurationList = 0BF661032C3692870077DB28 /* Build configuration list for PBXNativeTarget "R+UITests" */;
			buildPhases = (
				0BF660EF2C3692870077DB28 /* Sources */,
				0BF660F02C3692870077DB28 /* Frameworks */,
				0BF660F12C3692870077DB28 /* Resources */,
			);
			buildRules = (
			);
			dependencies = (
				0BF660F52C3692870077DB28 /* PBXTargetDependency */,
			);
			name = "R+UITests";
			productName = "R+UITests";
			productReference = 0BF660F32C3692870077DB28 /* R+UITests.xctest */;
			productType = "com.apple.product-type.bundle.ui-testing";
		};
/* End PBXNativeTarget section */

/* Begin PBXProject section */
		0BF660CB2C3692850077DB28 /* Project object */ = {
			isa = PBXProject;
			attributes = {
				BuildIndependentTargetsInParallel = 1;
				LastSwiftUpdateCheck = 1430;
				LastUpgradeCheck = 1430;
				TargetAttributes = {
					0BF660D22C3692850077DB28 = {
						CreatedOnToolsVersion = 14.3.1;
					};
					0BF660E82C3692870077DB28 = {
						CreatedOnToolsVersion = 14.3.1;
						TestTargetID = 0BF660D22C3692850077DB28;
					};
					0BF660F22C3692870077DB28 = {
						CreatedOnToolsVersion = 14.3.1;
						TestTargetID = 0BF660D22C3692850077DB28;
					};
				};
			};
			buildConfigurationList = 0BF660CE2C3692850077DB28 /* Build configuration list for PBXProject "R+" */;
			compatibilityVersion = "Xcode 14.0";
			developmentRegion = en;
			hasScannedForEncodings = 0;
			knownRegions = (
				en,
				Base,
			);
			mainGroup = 0BF660CA2C3692850077DB28;
			productRefGroup = 0BF660D42C3692850077DB28 /* Products */;
			projectDirPath = "";
			projectRoot = "";
			targets = (
				0BF660D22C3692850077DB28 /* R+ */,
				0BF660E82C3692870077DB28 /* R+Tests */,
				0BF660F22C3692870077DB28 /* R+UITests */,
			);
		};
/* End PBXProject section */

/* Begin PBXResourcesBuildPhase section */
		0BF660D12C3692850077DB28 /* Resources */ = {
			isa = PBXResourcesBuildPhase;
			buildActionMask = 2147483647;
			files = (
				0BF660E32C3692870077DB28 /* LaunchScreen.storyboard in Resources */,
				0BF660E02C3692870077DB28 /* Assets.xcassets in Resources */,
				0BF660DE2C3692850077DB28 /* Main.storyboard in Resources */,
			);
			runOnlyForDeploymentPostprocessing = 0;
		};
		0BF660E72C3692870077DB28 /* Resources */ = {
			isa = PBXResourcesBuildPhase;
			buildActionMask = 2147483647;
			files = (
			);
			runOnlyForDeploymentPostprocessing = 0;
		};
		0BF660F12C3692870077DB28 /* Resources */ = {
			isa = PBXResourcesBuildPhase;
			buildActionMask = 2147483647;
			files = (
			);
			runOnlyForDeploymentPostprocessing = 0;
		};
/* End PBXResourcesBuildPhase section */

/* Begin PBXSourcesBuildPhase section */
		0BF660CF2C3692850077DB28 /* Sources */ = {
			isa = PBXSourcesBuildPhase;
			buildActionMask = 2147483647;
			files = (
				0BF660DB2C3692850077DB28 /* ViewController.swift in Sources */,
				0BF660D72C3692850077DB28 /* AppDelegate.swift in Sources */,
				0BF660D92C3692850077DB28 /* SceneDelegate.swift in Sources */,
			);
			runOnlyForDeploymentPostprocessing = 0;
		};
		0BF660E52C3692870077DB28 /* Sources */ = {
			isa = PBXSourcesBuildPhase;
			buildActionMask = 2147483647;
			files = (
				0BF660EE2C3692870077DB28 /* R_Tests.swift in Sources */,
			);
			runOnlyForDeploymentPostprocessing = 0;
		};
		0BF660EF2C3692870077DB28 /* Sources */ = {
			isa = PBXSourcesBuildPhase;
			buildActionMask = 2147483647;
			files = (
				0BF660F82C3692870077DB28 /* R_UITests.swift in Sources */,
				0BF660FA2C3692870077DB28 /* R_UITestsLaunchTests.swift in Sources */,
			);
			runOnlyForDeploymentPostprocessing = 0;
		};
/* End PBXSourcesBuildPhase section */

/* Begin PBXTargetDependency section */
		0BF660EB2C3692870077DB28 /* PBXTargetDependency */ = {
			isa = PBXTargetDependency;
			target = 0BF660D22C3692850077DB28 /* R+ */;
			targetProxy = 0BF660EA2C3692870077DB28 /* PBXContainerItemProxy */;
		};
		0BF660F52C3692870077DB28 /* PBXTargetDependency */ = {
			isa = PBXTargetDependency;
			target = 0BF660D22C3692850077DB28 /* R+ */;
			targetProxy = 0BF660F42C3692870077DB28 /* PBXContainerItemProxy */;
		};
/* End PBXTargetDependency section */

/* Begin PBXVariantGroup section */
		0BF660DC2C3692850077DB28 /* Main.storyboard */ = {
			isa = PBXVariantGroup;
			children = (
				0BF660DD2C3692850077DB28 /* Base */,
			);
			name = Main.storyboard;
			sourceTree = "<group>";
		};
		0BF660E12C3692870077DB28 /* LaunchScreen.storyboard */ = {
			isa = PBXVariantGroup;
			children = (
				0BF660E22C3692870077DB28 /* Base */,
			);
			name = LaunchScreen.storyboard;
			sourceTree = "<group>";
		};
/* End PBXVariantGroup section */

/* Begin XCBuildConfiguration section */
		0BF660FB2C3692870077DB28 /* Debug */ = {
			isa = XCBuildConfiguration;
			buildSettings = {
				ALWAYS_SEARCH_USER_PATHS = NO;
				CLANG_ANALYZER_NONNULL = YES;
				CLANG_ANALYZER_NUMBER_OBJECT_CONVERSION = YES_AGGRESSIVE;
				CLANG_CXX_LANGUAGE_STANDARD = "gnu++20";
				CLANG_ENABLE_MODULES = YES;
				CLANG_ENABLE_OBJC_ARC = YES;
				CLANG_ENABLE_OBJC_WEAK = YES;
				CLANG_WARN_BLOCK_CAPTURE_AUTORELEASING = YES;
				CLANG_WARN_BOOL_CONVERSION = YES;
				CLANG_WARN_COMMA = YES;
				CLANG_WARN_CONSTANT_CONVERSION = YES;
				CLANG_WARN_DEPRECATED_OBJC_IMPLEMENTATIONS = YES;
				CLANG_WARN_DIRECT_OBJC_ISA_USAGE = YES_ERROR;
				CLANG_WARN_DOCUMENTATION_COMMENTS = YES;
				CLANG_WARN_EMPTY_BODY = YES;
				CLANG_WARN_ENUM_CONVERSION = YES;
				CLANG_WARN_INFINITE_RECURSION = YES;
				CLANG_WARN_INT_CONVERSION = YES;
				CLANG_WARN_NON_LITERAL_NULL_CONVERSION = YES;
				CLANG_WARN_OBJC_IMPLICIT_RETAIN_SELF = YES;
				CLANG_WARN_OBJC_LITERAL_CONVERSION = YES;
				CLANG_WARN_OBJC_ROOT_CLASS = YES_ERROR;
				CLANG_WARN_QUOTED_INCLUDE_IN_FRAMEWORK_HEADER = YES;
				CLANG_WARN_RANGE_LOOP_ANALYSIS = YES;
				CLANG_WARN_STRICT_PROTOTYPES = YES;
				CLANG_WARN_SUSPICIOUS_MOVE = YES;
				CLANG_WARN_UNGUARDED_AVAILABILITY = YES_AGGRESSIVE;
				CLANG_WARN_UNREACHABLE_CODE = YES;
				CLANG_WARN__DUPLICATE_METHOD_MATCH = YES;
				COPY_PHASE_STRIP = NO;
				DEBUG_INFORMATION_FORMAT = dwarf;
				ENABLE_STRICT_OBJC_MSGSEND = YES;
				ENABLE_TESTABILITY = YES;
				GCC_C_LANGUAGE_STANDARD = gnu11;
				GCC_DYNAMIC_NO_PIC = NO;
				GCC_NO_COMMON_BLOCKS = YES;
				GCC_OPTIMIZATION_LEVEL = 0;
				GCC_PREPROCESSOR_DEFINITIONS = (
					"DEBUG=1",
					"$(inherited)",
				);
				GCC_WARN_64_TO_32_BIT_CONVERSION = YES;
				GCC_WARN_ABOUT_RETURN_TYPE = YES_ERROR;
				GCC_WARN_UNDECLARED_SELECTOR = YES;
				GCC_WARN_UNINITIALIZED_AUTOS = YES_AGGRESSIVE;
				GCC_WARN_UNUSED_FUNCTION = YES;
				GCC_WARN_UNUSED_VARIABLE = YES;
				IPHONEOS_DEPLOYMENT_TARGET = 16.4;
				MTL_ENABLE_DEBUG_INFO = INCLUDE_SOURCE;
				MTL_FAST_MATH = YES;
				ONLY_ACTIVE_ARCH = YES;
				SDKROOT = iphoneos;
				SWIFT_ACTIVE_COMPILATION_CONDITIONS = DEBUG;
				SWIFT_OPTIMIZATION_LEVEL = "-Onone";
			};
			name = Debug;
		};
		0BF660FC2C3692870077DB28 /* Release */ = {
			isa = XCBuildConfiguration;
			buildSettings = {
				ALWAYS_SEARCH_USER_PATHS = NO;
				CLANG_ANALYZER_NONNULL = YES;
				CLANG_ANALYZER_NUMBER_OBJECT_CONVERSION = YES_AGGRESSIVE;
				CLANG_CXX_LANGUAGE_STANDARD = "gnu++20";
				CLANG_ENABLE_MODULES = YES;
				CLANG_ENABLE_OBJC_ARC = YES;
				CLANG_ENABLE_OBJC_WEAK = YES;
				CLANG_WARN_BLOCK_CAPTURE_AUTORELEASING = YES;
				CLANG_WARN_BOOL_CONVERSION = YES;
				CLANG_WARN_COMMA = YES;
				CLANG_WARN_CONSTANT_CONVERSION = YES;
				CLANG_WARN_DEPRECATED_OBJC_IMPLEMENTATIONS = YES;
				CLANG_WARN_DIRECT_OBJC_ISA_USAGE = YES_ERROR;
				CLANG_WARN_DOCUMENTATION_COMMENTS = YES;
				CLANG_WARN_EMPTY_BODY = YES;
				CLANG_WARN_ENUM_CONVERSION = YES;
				CLANG_WARN_INFINITE_RECURSION = YES;
				CLANG_WARN_INT_CONVERSION = YES;
				CLANG_WARN_NON_LITERAL_NULL_CONVERSION = YES;
				CLANG_WARN_OBJC_IMPLICIT_RETAIN_SELF = YES;
				CLANG_WARN_OBJC_LITERAL_CONVERSION = YES;
				CLANG_WARN_OBJC_ROOT_CLASS = YES_ERROR;
				CLANG_WARN_QUOTED_INCLUDE_IN_FRAMEWORK_HEADER = YES;
				CLANG_WARN_RANGE_LOOP_ANALYSIS = YES;
				CLANG_WARN_STRICT_PROTOTYPES = YES;
				CLANG_WARN_SUSPICIOUS_MOVE = YES;
				CLANG_WARN_UNGUARDED_AVAILABILITY = YES_AGGRESSIVE;
				CLANG_WARN_UNREACHABLE_CODE = YES;
				CLANG_WARN__DUPLICATE_METHOD_MATCH = YES;
				COPY_PHASE_STRIP = NO;
				DEBUG_INFORMATION_FORMAT = "dwarf-with-dsym";
				ENABLE_NS_ASSERTIONS = NO;
				ENABLE_STRICT_OBJC_MSGSEND = YES;
				GCC_C_LANGUAGE_STANDARD = gnu11;
				GCC_NO_COMMON_BLOCKS = YES;
				GCC_WARN_64_TO_32_BIT_CONVERSION = YES;
				GCC_WARN_ABOUT_RETURN_TYPE = YES_ERROR;
				GCC_WARN_UNDECLARED_SELECTOR = YES;
				GCC_WARN_UNINITIALIZED_AUTOS = YES_AGGRESSIVE;
				GCC_WARN_UNUSED_FUNCTION = YES;
				GCC_WARN_UNUSED_VARIABLE = YES;
				IPHONEOS_DEPLOYMENT_TARGET = 16.4;
				MTL_ENABLE_DEBUG_INFO = NO;
				MTL_FAST_MATH = YES;
				SDKROOT = iphoneos;
				SWIFT_COMPILATION_MODE = wholemodule;
				SWIFT_OPTIMIZATION_LEVEL = "-O";
				VALIDATE_PRODUCT = YES;
			};
			name = Release;
		};
		0BF660FE2C3692870077DB28 /* Debug */ = {
			isa = XCBuildConfiguration;
			buildSettings = {
				ASSETCATALOG_COMPILER_APPICON_NAME = AppIcon;
				ASSETCATALOG_COMPILER_GLOBAL_ACCENT_COLOR_NAME = AccentColor;
				CODE_SIGN_STYLE = Automatic;
				CURRENT_PROJECT_VERSION = 1;
				DEVELOPMENT_TEAM = 96NGVZV8JL;
				GENERATE_INFOPLIST_FILE = YES;
				INFOPLIST_FILE = "R+/Info.plist";
				INFOPLIST_KEY_UIApplicationSupportsIndirectInputEvents = YES;
				INFOPLIST_KEY_UILaunchStoryboardName = LaunchScreen;
				INFOPLIST_KEY_UIMainStoryboardFile = Main;
				INFOPLIST_KEY_UISupportedInterfaceOrientations_iPad = "UIInterfaceOrientationPortrait UIInterfaceOrientationPortraitUpsideDown UIInterfaceOrientationLandscapeLeft UIInterfaceOrientationLandscapeRight";
				INFOPLIST_KEY_UISupportedInterfaceOrientations_iPhone = "UIInterfaceOrientationPortrait UIInterfaceOrientationLandscapeLeft UIInterfaceOrientationLandscapeRight";
				LD_RUNPATH_SEARCH_PATHS = (
					"$(inherited)",
					"@executable_path/Frameworks",
				);
				MARKETING_VERSION = 1.0;
				PRODUCT_BUNDLE_IDENTIFIER = "com.williamjh.R-";
				PRODUCT_NAME = "$(TARGET_NAME)";
				SWIFT_EMIT_LOC_STRINGS = YES;
				SWIFT_VERSION = 5.0;
				TARGETED_DEVICE_FAMILY = "1,2";
			};
			name = Debug;
		};
		0BF660FF2C3692870077DB28 /* Release */ = {
			isa = XCBuildConfiguration;
			buildSettings = {
				ASSETCATALOG_COMPILER_APPICON_NAME = AppIcon;
				ASSETCATALOG_COMPILER_GLOBAL_ACCENT_COLOR_NAME = AccentColor;
				CODE_SIGN_STYLE = Automatic;
				CURRENT_PROJECT_VERSION = 1;
				DEVELOPMENT_TEAM = 96NGVZV8JL;
				GENERATE_INFOPLIST_FILE = YES;
				INFOPLIST_FILE = "R+/Info.plist";
				INFOPLIST_KEY_UIApplicationSupportsIndirectInputEvents = YES;
				INFOPLIST_KEY_UILaunchStoryboardName = LaunchScreen;
				INFOPLIST_KEY_UIMainStoryboardFile = Main;
				INFOPLIST_KEY_UISupportedInterfaceOrientations_iPad = "UIInterfaceOrientationPortrait UIInterfaceOrientationPortraitUpsideDown UIInterfaceOrientationLandscapeLeft UIInterfaceOrientationLandscapeRight";
				INFOPLIST_KEY_UISupportedInterfaceOrientations_iPhone = "UIInterfaceOrientationPortrait UIInterfaceOrientationLandscapeLeft UIInterfaceOrientationLandscapeRight";
				LD_RUNPATH_SEARCH_PATHS = (
					"$(inherited)",
					"@executable_path/Frameworks",
				);
				MARKETING_VERSION = 1.0;
				PRODUCT_BUNDLE_IDENTIFIER = "com.williamjh.R-";
				PRODUCT_NAME = "$(TARGET_NAME)";
				SWIFT_EMIT_LOC_STRINGS = YES;
				SWIFT_VERSION = 5.0;
				TARGETED_DEVICE_FAMILY = "1,2";
			};
			name = Release;
		};
		0BF661012C3692870077DB28 /* Debug */ = {
			isa = XCBuildConfiguration;
			buildSettings = {
				ALWAYS_EMBED_SWIFT_STANDARD_LIBRARIES = YES;
				BUNDLE_LOADER = "$(TEST_HOST)";
				CODE_SIGN_STYLE = Automatic;
				CURRENT_PROJECT_VERSION = 1;
				DEVELOPMENT_TEAM = 96NGVZV8JL;
				GENERATE_INFOPLIST_FILE = YES;
				IPHONEOS_DEPLOYMENT_TARGET = 16.4;
				MARKETING_VERSION = 1.0;
				PRODUCT_BUNDLE_IDENTIFIER = "com.williamjh.R-Tests";
				PRODUCT_NAME = "$(TARGET_NAME)";
				SWIFT_EMIT_LOC_STRINGS = NO;
				SWIFT_VERSION = 5.0;
				TARGETED_DEVICE_FAMILY = "1,2";
				TEST_HOST = "$(BUILT_PRODUCTS_DIR)/R+.app/$(BUNDLE_EXECUTABLE_FOLDER_PATH)/R+";
			};
			name = Debug;
		};
		0BF661022C3692870077DB28 /* Release */ = {
			isa = XCBuildConfiguration;
			buildSettings = {
				ALWAYS_EMBED_SWIFT_STANDARD_LIBRARIES = YES;
				BUNDLE_LOADER = "$(TEST_HOST)";
				CODE_SIGN_STYLE = Automatic;
				CURRENT_PROJECT_VERSION = 1;
				DEVELOPMENT_TEAM = 96NGVZV8JL;
				GENERATE_INFOPLIST_FILE = YES;
				IPHONEOS_DEPLOYMENT_TARGET = 16.4;
				MARKETING_VERSION = 1.0;
				PRODUCT_BUNDLE_IDENTIFIER = "com.williamjh.R-Tests";
				PRODUCT_NAME = "$(TARGET_NAME)";
				SWIFT_EMIT_LOC_STRINGS = NO;
				SWIFT_VERSION = 5.0;
				TARGETED_DEVICE_FAMILY = "1,2";
				TEST_HOST = "$(BUILT_PRODUCTS_DIR)/R+.app/$(BUNDLE_EXECUTABLE_FOLDER_PATH)/R+";
			};
			name = Release;
		};
		0BF661042C3692870077DB28 /* Debug */ = {
			isa = XCBuildConfiguration;
			buildSettings = {
				ALWAYS_EMBED_SWIFT_STANDARD_LIBRARIES = YES;
				CODE_SIGN_STYLE = Automatic;
				CURRENT_PROJECT_VERSION = 1;
				DEVELOPMENT_TEAM = 96NGVZV8JL;
				GENERATE_INFOPLIST_FILE = YES;
				MARKETING_VERSION = 1.0;
				PRODUCT_BUNDLE_IDENTIFIER = "com.williamjh.R-UITests";
				PRODUCT_NAME = "$(TARGET_NAME)";
				SWIFT_EMIT_LOC_STRINGS = NO;
				SWIFT_VERSION = 5.0;
				TARGETED_DEVICE_FAMILY = "1,2";
				TEST_TARGET_NAME = "R+";
			};
			name = Debug;
		};
		0BF661052C3692870077DB28 /* Release */ = {
			isa = XCBuildConfiguration;
			buildSettings = {
				ALWAYS_EMBED_SWIFT_STANDARD_LIBRARIES = YES;
				CODE_SIGN_STYLE = Automatic;
				CURRENT_PROJECT_VERSION = 1;
				DEVELOPMENT_TEAM = 96NGVZV8JL;
				GENERATE_INFOPLIST_FILE = YES;
				MARKETING_VERSION = 1.0;
				PRODUCT_BUNDLE_IDENTIFIER = "com.williamjh.R-UITests";
				PRODUCT_NAME = "$(TARGET_NAME)";
				SWIFT_EMIT_LOC_STRINGS = NO;
				SWIFT_VERSION = 5.0;
				TARGETED_DEVICE_FAMILY = "1,2";
				TEST_TARGET_NAME = "R+";
			};
			name = Release;
		};
/* End XCBuildConfiguration section */

/* Begin XCConfigurationList section */
		0BF660CE2C3692850077DB28 /* Build configuration list for PBXProject "R+" */ = {
			isa = XCConfigurationList;
			buildConfigurations = (
				0BF660FB2C3692870077DB28 /* Debug */,
				0BF660FC2C3692870077DB28 /* Release */,
			);
			defaultConfigurationIsVisible = 0;
			defaultConfigurationName = Release;
		};
		0BF660FD2C3692870077DB28 /* Build configuration list for PBXNativeTarget "R+" */ = {
			isa = XCConfigurationList;
			buildConfigurations = (
				0BF660FE2C3692870077DB28 /* Debug */,
				0BF660FF2C3692870077DB28 /* Release */,
			);
			defaultConfigurationIsVisible = 0;
			defaultConfigurationName = Release;
		};
		0BF661002C3692870077DB28 /* Build configuration list for PBXNativeTarget "R+Tests" */ = {
			isa = XCConfigurationList;
			buildConfigurations = (
				0BF661012C3692870077DB28 /* Debug */,
				0BF661022C3692870077DB28 /* Release */,
			);
			defaultConfigurationIsVisible = 0;
			defaultConfigurationName = Release;
		};
		0BF661032C3692870077DB28 /* Build configuration list for PBXNativeTarget "R+UITests" */ = {
			isa = XCConfigurationList;
			buildConfigurations = (
				0BF661042C3692870077DB28 /* Debug */,
				0BF661052C3692870077DB28 /* Release */,
			);
			defaultConfigurationIsVisible = 0;
			defaultConfigurationName = Release;
		};
/* End XCConfigurationList section */
	};
	rootObject = 0BF660CB2C3692850077DB28 /* Project object */;
}
