// !$*UTF8*$!
{
	archiveVersion = 1;
	classes = {
	};
	objectVersion = 56;
	objects = {

/* Begin PBXBuildFile section */
		0BF660D72C3692850077DB28 /* AppDelegate.swift in Sources */ = {isa = PBXBuildFile; fileRef = 0BF660D62C3692850077DB28 /* AppDelegate.swift */; };
		0BF660D92C3692850077DB28 /* SceneDelegate.swift in Sources */ = {isa = PBXBuildFile; fileRef = 0BF660D82C3692850077DB28 /* SceneDelegate.swift */; };
		0BF660DB2C3692850077DB28 /* HomeViewController.swift in Sources */ = {isa = PBXBuildFile; fileRef = 0BF660DA2C3692850077DB28 /* HomeViewController.swift */; };
		0BF660E02C3692870077DB28 /* Assets.xcassets in Resources */ = {isa = PBXBuildFile; fileRef = 0BF660DF2C3692870077DB28 /* Assets.xcassets */; };
		0BF660E32C3692870077DB28 /* LaunchScreen.storyboard in Resources */ = {isa = PBXBuildFile; fileRef = 0BF660E12C3692870077DB28 /* LaunchScreen.storyboard */; };
		0BF660EE2C3692870077DB28 /* R_Tests.swift in Sources */ = {isa = PBXBuildFile; fileRef = 0BF660ED2C3692870077DB28 /* R_Tests.swift */; };
		0BF660F82C3692870077DB28 /* R_UITests.swift in Sources */ = {isa = PBXBuildFile; fileRef = 0BF660F72C3692870077DB28 /* R_UITests.swift */; };
		0BF660FA2C3692870077DB28 /* R_UITestsLaunchTests.swift in Sources */ = {isa = PBXBuildFile; fileRef = 0BF660F92C3692870077DB28 /* R_UITestsLaunchTests.swift */; };
		0BF6610C2C3695840077DB28 /* TabBarController.swift in Sources */ = {isa = PBXBuildFile; fileRef = 0BF6610B2C3695840077DB28 /* TabBarController.swift */; };
		0BF6610D2C3695840077DB28 /* TabBarController.swift in Sources */ = {isa = PBXBuildFile; fileRef = 0BF6610B2C3695840077DB28 /* TabBarController.swift */; };
		0BF6610E2C3695840077DB28 /* TabBarController.swift in Sources */ = {isa = PBXBuildFile; fileRef = 0BF6610B2C3695840077DB28 /* TabBarController.swift */; };
		0BF661122C3696B80077DB28 /* FavouriteViewController.swift in Sources */ = {isa = PBXBuildFile; fileRef = 0BF661112C3696B80077DB28 /* FavouriteViewController.swift */; };
		0BF661132C3696B80077DB28 /* FavouriteViewController.swift in Sources */ = {isa = PBXBuildFile; fileRef = 0BF661112C3696B80077DB28 /* FavouriteViewController.swift */; };
		0BF661142C3696B80077DB28 /* FavouriteViewController.swift in Sources */ = {isa = PBXBuildFile; fileRef = 0BF661112C3696B80077DB28 /* FavouriteViewController.swift */; };
		0BF661182C369DBE0077DB28 /* SessionManager.swift in Sources */ = {isa = PBXBuildFile; fileRef = 0BF661172C369DBE0077DB28 /* SessionManager.swift */; };
		0BF661192C369DBE0077DB28 /* SessionManager.swift in Sources */ = {isa = PBXBuildFile; fileRef = 0BF661172C369DBE0077DB28 /* SessionManager.swift */; };
		0BF6611A2C369DBE0077DB28 /* SessionManager.swift in Sources */ = {isa = PBXBuildFile; fileRef = 0BF661172C369DBE0077DB28 /* SessionManager.swift */; };
		0BF6611E2C36A07D0077DB28 /* VideoManager.swift in Sources */ = {isa = PBXBuildFile; fileRef = 0BF6611D2C36A07D0077DB28 /* VideoManager.swift */; };
		0BF6611F2C36A07D0077DB28 /* VideoManager.swift in Sources */ = {isa = PBXBuildFile; fileRef = 0BF6611D2C36A07D0077DB28 /* VideoManager.swift */; };
		0BF661202C36A07D0077DB28 /* VideoManager.swift in Sources */ = {isa = PBXBuildFile; fileRef = 0BF6611D2C36A07D0077DB28 /* VideoManager.swift */; };
		0BF661232C36A20A0077DB28 /* Video.swift in Sources */ = {isa = PBXBuildFile; fileRef = 0BF661222C36A20A0077DB28 /* Video.swift */; };
		0BF661242C36A20A0077DB28 /* Video.swift in Sources */ = {isa = PBXBuildFile; fileRef = 0BF661222C36A20A0077DB28 /* Video.swift */; };
		0BF661252C36A20A0077DB28 /* Video.swift in Sources */ = {isa = PBXBuildFile; fileRef = 0BF661222C36A20A0077DB28 /* Video.swift */; };
		0BF6612C2C36E96F0077DB28 /* VideoCell.swift in Sources */ = {isa = PBXBuildFile; fileRef = 0BF6612B2C36E96F0077DB28 /* VideoCell.swift */; };
		0BF6612D2C36E96F0077DB28 /* VideoCell.swift in Sources */ = {isa = PBXBuildFile; fileRef = 0BF6612B2C36E96F0077DB28 /* VideoCell.swift */; };
		0BF6612E2C36E96F0077DB28 /* VideoCell.swift in Sources */ = {isa = PBXBuildFile; fileRef = 0BF6612B2C36E96F0077DB28 /* VideoCell.swift */; };
		0BF661322C36F2530077DB28 /* TitleHeaderView.swift in Sources */ = {isa = PBXBuildFile; fileRef = 0BF661312C36F2530077DB28 /* TitleHeaderView.swift */; };
		0BF661332C36F2530077DB28 /* TitleHeaderView.swift in Sources */ = {isa = PBXBuildFile; fileRef = 0BF661312C36F2530077DB28 /* TitleHeaderView.swift */; };
		0BF661342C36F2530077DB28 /* TitleHeaderView.swift in Sources */ = {isa = PBXBuildFile; fileRef = 0BF661312C36F2530077DB28 /* TitleHeaderView.swift */; };
		0BF661362C36FED80077DB28 /* HomeViewModel.swift in Sources */ = {isa = PBXBuildFile; fileRef = 0BF661352C36FED80077DB28 /* HomeViewModel.swift */; };
		0BF661372C36FED80077DB28 /* HomeViewModel.swift in Sources */ = {isa = PBXBuildFile; fileRef = 0BF661352C36FED80077DB28 /* HomeViewModel.swift */; };
		0BF661382C36FED80077DB28 /* HomeViewModel.swift in Sources */ = {isa = PBXBuildFile; fileRef = 0BF661352C36FED80077DB28 /* HomeViewModel.swift */; };
		0BF6613B2C37784B0077DB28 /* VideoPlayerViewController.swift in Sources */ = {isa = PBXBuildFile; fileRef = 0BF6613A2C37784B0077DB28 /* VideoPlayerViewController.swift */; };
		0BF6613C2C37784B0077DB28 /* VideoPlayerViewController.swift in Sources */ = {isa = PBXBuildFile; fileRef = 0BF6613A2C37784B0077DB28 /* VideoPlayerViewController.swift */; };
		0BF6613D2C37784B0077DB28 /* VideoPlayerViewController.swift in Sources */ = {isa = PBXBuildFile; fileRef = 0BF6613A2C37784B0077DB28 /* VideoPlayerViewController.swift */; };
		0BF661402C377A6D0077DB28 /* VideoView.swift in Sources */ = {isa = PBXBuildFile; fileRef = 0BF6613F2C377A6D0077DB28 /* VideoView.swift */; };
		0BF661412C377A6D0077DB28 /* VideoView.swift in Sources */ = {isa = PBXBuildFile; fileRef = 0BF6613F2C377A6D0077DB28 /* VideoView.swift */; };
		0BF661422C377A6D0077DB28 /* VideoView.swift in Sources */ = {isa = PBXBuildFile; fileRef = 0BF6613F2C377A6D0077DB28 /* VideoView.swift */; };
		0BF661442C377E400077DB28 /* VideoPlayerViewModel.swift in Sources */ = {isa = PBXBuildFile; fileRef = 0BF661432C377E400077DB28 /* VideoPlayerViewModel.swift */; };
		0BF661452C377E400077DB28 /* VideoPlayerViewModel.swift in Sources */ = {isa = PBXBuildFile; fileRef = 0BF661432C377E400077DB28 /* VideoPlayerViewModel.swift */; };
		0BF661462C377E400077DB28 /* VideoPlayerViewModel.swift in Sources */ = {isa = PBXBuildFile; fileRef = 0BF661432C377E400077DB28 /* VideoPlayerViewModel.swift */; };
		0BF661482C3799660077DB28 /* AuthorDetailView.swift in Sources */ = {isa = PBXBuildFile; fileRef = 0BF661472C3799660077DB28 /* AuthorDetailView.swift */; };
		0BF661492C3799660077DB28 /* AuthorDetailView.swift in Sources */ = {isa = PBXBuildFile; fileRef = 0BF661472C3799660077DB28 /* AuthorDetailView.swift */; };
		0BF6614A2C3799660077DB28 /* AuthorDetailView.swift in Sources */ = {isa = PBXBuildFile; fileRef = 0BF661472C3799660077DB28 /* AuthorDetailView.swift */; };
		0BF6614C2C37A1110077DB28 /* VideoDescriptionView.swift in Sources */ = {isa = PBXBuildFile; fileRef = 0BF6614B2C37A1110077DB28 /* VideoDescriptionView.swift */; };
		0BF6614D2C37A1110077DB28 /* VideoDescriptionView.swift in Sources */ = {isa = PBXBuildFile; fileRef = 0BF6614B2C37A1110077DB28 /* VideoDescriptionView.swift */; };
		0BF6614E2C37A1110077DB28 /* VideoDescriptionView.swift in Sources */ = {isa = PBXBuildFile; fileRef = 0BF6614B2C37A1110077DB28 /* VideoDescriptionView.swift */; };
		DDC2E225CB99DFFDE1C78083 /* Pods_R_.framework in Frameworks */ = {isa = PBXBuildFile; fileRef = D62D90381B58B7CD1E65BADC /* Pods_R_.framework */; };
		EB8481611266F840A05B58B8 /* Pods_R__R_UITests.framework in Frameworks */ = {isa = PBXBuildFile; fileRef = 5F0990F915CF3C3DB20A0992 /* Pods_R__R_UITests.framework */; };
		F1905DBAD5F8FAD494F662E0 /* Pods_R_Tests.framework in Frameworks */ = {isa = PBXBuildFile; fileRef = 1E2735506817F6C4D3782E1B /* Pods_R_Tests.framework */; };
/* End PBXBuildFile section */

/* Begin PBXContainerItemProxy section */
		0BF660EA2C3692870077DB28 /* PBXContainerItemProxy */ = {
			isa = PBXContainerItemProxy;
			containerPortal = 0BF660CB2C3692850077DB28 /* Project object */;
			proxyType = 1;
			remoteGlobalIDString = 0BF660D22C3692850077DB28;
			remoteInfo = "R+";
		};
		0BF660F42C3692870077DB28 /* PBXContainerItemProxy */ = {
			isa = PBXContainerItemProxy;
			containerPortal = 0BF660CB2C3692850077DB28 /* Project object */;
			proxyType = 1;
			remoteGlobalIDString = 0BF660D22C3692850077DB28;
			remoteInfo = "R+";
		};
/* End PBXContainerItemProxy section */

/* Begin PBXFileReference section */
		0622ED714F80E8429B52E4AE /* Pods-R+-R+UITests.debug.xcconfig */ = {isa = PBXFileReference; includeInIndex = 1; lastKnownFileType = text.xcconfig; name = "Pods-R+-R+UITests.debug.xcconfig"; path = "Target Support Files/Pods-R+-R+UITests/Pods-R+-R+UITests.debug.xcconfig"; sourceTree = "<group>"; };
		0BF660D32C3692850077DB28 /* R+.app */ = {isa = PBXFileReference; explicitFileType = wrapper.application; includeInIndex = 0; path = "R+.app"; sourceTree = BUILT_PRODUCTS_DIR; };
		0BF660D62C3692850077DB28 /* AppDelegate.swift */ = {isa = PBXFileReference; lastKnownFileType = sourcecode.swift; path = AppDelegate.swift; sourceTree = "<group>"; };
		0BF660D82C3692850077DB28 /* SceneDelegate.swift */ = {isa = PBXFileReference; lastKnownFileType = sourcecode.swift; path = SceneDelegate.swift; sourceTree = "<group>"; };
		0BF660DA2C3692850077DB28 /* HomeViewController.swift */ = {isa = PBXFileReference; lastKnownFileType = sourcecode.swift; path = HomeViewController.swift; sourceTree = "<group>"; };
		0BF660DF2C3692870077DB28 /* Assets.xcassets */ = {isa = PBXFileReference; lastKnownFileType = folder.assetcatalog; path = Assets.xcassets; sourceTree = "<group>"; };
		0BF660E22C3692870077DB28 /* Base */ = {isa = PBXFileReference; lastKnownFileType = file.storyboard; name = Base; path = Base.lproj/LaunchScreen.storyboard; sourceTree = "<group>"; };
		0BF660E42C3692870077DB28 /* Info.plist */ = {isa = PBXFileReference; lastKnownFileType = text.plist.xml; path = Info.plist; sourceTree = "<group>"; };
		0BF660E92C3692870077DB28 /* R+Tests.xctest */ = {isa = PBXFileReference; explicitFileType = wrapper.cfbundle; includeInIndex = 0; path = "R+Tests.xctest"; sourceTree = BUILT_PRODUCTS_DIR; };
		0BF660ED2C3692870077DB28 /* R_Tests.swift */ = {isa = PBXFileReference; lastKnownFileType = sourcecode.swift; path = R_Tests.swift; sourceTree = "<group>"; };
		0BF660F32C3692870077DB28 /* R+UITests.xctest */ = {isa = PBXFileReference; explicitFileType = wrapper.cfbundle; includeInIndex = 0; path = "R+UITests.xctest"; sourceTree = BUILT_PRODUCTS_DIR; };
		0BF660F72C3692870077DB28 /* R_UITests.swift */ = {isa = PBXFileReference; lastKnownFileType = sourcecode.swift; path = R_UITests.swift; sourceTree = "<group>"; };
		0BF660F92C3692870077DB28 /* R_UITestsLaunchTests.swift */ = {isa = PBXFileReference; lastKnownFileType = sourcecode.swift; path = R_UITestsLaunchTests.swift; sourceTree = "<group>"; };
		0BF6610B2C3695840077DB28 /* TabBarController.swift */ = {isa = PBXFileReference; lastKnownFileType = sourcecode.swift; path = TabBarController.swift; sourceTree = "<group>"; };
		0BF661112C3696B80077DB28 /* FavouriteViewController.swift */ = {isa = PBXFileReference; lastKnownFileType = sourcecode.swift; path = FavouriteViewController.swift; sourceTree = "<group>"; };
		0BF661172C369DBE0077DB28 /* SessionManager.swift */ = {isa = PBXFileReference; lastKnownFileType = sourcecode.swift; path = SessionManager.swift; sourceTree = "<group>"; };
		0BF6611D2C36A07D0077DB28 /* VideoManager.swift */ = {isa = PBXFileReference; lastKnownFileType = sourcecode.swift; path = VideoManager.swift; sourceTree = "<group>"; };
		0BF661222C36A20A0077DB28 /* Video.swift */ = {isa = PBXFileReference; lastKnownFileType = sourcecode.swift; path = Video.swift; sourceTree = "<group>"; };
		0BF6612B2C36E96F0077DB28 /* VideoCell.swift */ = {isa = PBXFileReference; lastKnownFileType = sourcecode.swift; path = VideoCell.swift; sourceTree = "<group>"; };
		0BF661312C36F2530077DB28 /* TitleHeaderView.swift */ = {isa = PBXFileReference; lastKnownFileType = sourcecode.swift; path = TitleHeaderView.swift; sourceTree = "<group>"; };
		0BF661352C36FED80077DB28 /* HomeViewModel.swift */ = {isa = PBXFileReference; lastKnownFileType = sourcecode.swift; path = HomeViewModel.swift; sourceTree = "<group>"; };
		0BF6613A2C37784B0077DB28 /* VideoPlayerViewController.swift */ = {isa = PBXFileReference; lastKnownFileType = sourcecode.swift; path = VideoPlayerViewController.swift; sourceTree = "<group>"; };
		0BF6613F2C377A6D0077DB28 /* VideoView.swift */ = {isa = PBXFileReference; lastKnownFileType = sourcecode.swift; path = VideoView.swift; sourceTree = "<group>"; };
		0BF661432C377E400077DB28 /* VideoPlayerViewModel.swift */ = {isa = PBXFileReference; lastKnownFileType = sourcecode.swift; path = VideoPlayerViewModel.swift; sourceTree = "<group>"; };
		0BF661472C3799660077DB28 /* AuthorDetailView.swift */ = {isa = PBXFileReference; lastKnownFileType = sourcecode.swift; path = AuthorDetailView.swift; sourceTree = "<group>"; };
		0BF6614B2C37A1110077DB28 /* VideoDescriptionView.swift */ = {isa = PBXFileReference; lastKnownFileType = sourcecode.swift; path = VideoDescriptionView.swift; sourceTree = "<group>"; };
		1E2735506817F6C4D3782E1B /* Pods_R_Tests.framework */ = {isa = PBXFileReference; explicitFileType = wrapper.framework; includeInIndex = 0; path = Pods_R_Tests.framework; sourceTree = BUILT_PRODUCTS_DIR; };
		4C95F3A304875D83260BAA9C /* Pods-R+.release.xcconfig */ = {isa = PBXFileReference; includeInIndex = 1; lastKnownFileType = text.xcconfig; name = "Pods-R+.release.xcconfig"; path = "Target Support Files/Pods-R+/Pods-R+.release.xcconfig"; sourceTree = "<group>"; };
		55FB0419C900C6CD8CF51D9A /* Pods-R+-R+UITests.release.xcconfig */ = {isa = PBXFileReference; includeInIndex = 1; lastKnownFileType = text.xcconfig; name = "Pods-R+-R+UITests.release.xcconfig"; path = "Target Support Files/Pods-R+-R+UITests/Pods-R+-R+UITests.release.xcconfig"; sourceTree = "<group>"; };
		5F0990F915CF3C3DB20A0992 /* Pods_R__R_UITests.framework */ = {isa = PBXFileReference; explicitFileType = wrapper.framework; includeInIndex = 0; path = Pods_R__R_UITests.framework; sourceTree = BUILT_PRODUCTS_DIR; };
		61672EE2FE36F0A4F6832E98 /* Pods-R+Tests.release.xcconfig */ = {isa = PBXFileReference; includeInIndex = 1; lastKnownFileType = text.xcconfig; name = "Pods-R+Tests.release.xcconfig"; path = "Target Support Files/Pods-R+Tests/Pods-R+Tests.release.xcconfig"; sourceTree = "<group>"; };
		D5181BF3AF9A286F3D0210B5 /* Pods-R+Tests.debug.xcconfig */ = {isa = PBXFileReference; includeInIndex = 1; lastKnownFileType = text.xcconfig; name = "Pods-R+Tests.debug.xcconfig"; path = "Target Support Files/Pods-R+Tests/Pods-R+Tests.debug.xcconfig"; sourceTree = "<group>"; };
		D5C6289AB70FF2F72E3F6257 /* Pods-R+.debug.xcconfig */ = {isa = PBXFileReference; includeInIndex = 1; lastKnownFileType = text.xcconfig; name = "Pods-R+.debug.xcconfig"; path = "Target Support Files/Pods-R+/Pods-R+.debug.xcconfig"; sourceTree = "<group>"; };
		D62D90381B58B7CD1E65BADC /* Pods_R_.framework */ = {isa = PBXFileReference; explicitFileType = wrapper.framework; includeInIndex = 0; path = Pods_R_.framework; sourceTree = BUILT_PRODUCTS_DIR; };
/* End PBXFileReference section */

/* Begin PBXFrameworksBuildPhase section */
		0BF660D02C3692850077DB28 /* Frameworks */ = {
			isa = PBXFrameworksBuildPhase;
			buildActionMask = 2147483647;
			files = (
				DDC2E225CB99DFFDE1C78083 /* Pods_R_.framework in Frameworks */,
			);
			runOnlyForDeploymentPostprocessing = 0;
		};
		0BF660E62C3692870077DB28 /* Frameworks */ = {
			isa = PBXFrameworksBuildPhase;
			buildActionMask = 2147483647;
			files = (
				F1905DBAD5F8FAD494F662E0 /* Pods_R_Tests.framework in Frameworks */,
			);
			runOnlyForDeploymentPostprocessing = 0;
		};
		0BF660F02C3692870077DB28 /* Frameworks */ = {
			isa = PBXFrameworksBuildPhase;
			buildActionMask = 2147483647;
			files = (
				EB8481611266F840A05B58B8 /* Pods_R__R_UITests.framework in Frameworks */,
			);
			runOnlyForDeploymentPostprocessing = 0;
		};
/* End PBXFrameworksBuildPhase section */

/* Begin PBXGroup section */
		0BF660CA2C3692850077DB28 = {
			isa = PBXGroup;
			children = (
				0BF660D52C3692850077DB28 /* R+ */,
				0BF660EC2C3692870077DB28 /* R+Tests */,
				0BF660F62C3692870077DB28 /* R+UITests */,
				0BF660D42C3692850077DB28 /* Products */,
				4D31B65D94A0C64269BCBA56 /* Pods */,
				D305C8AD97EECD38A7AB60D9 /* Frameworks */,
			);
			sourceTree = "<group>";
		};
		0BF660D42C3692850077DB28 /* Products */ = {
			isa = PBXGroup;
			children = (
				0BF660D32C3692850077DB28 /* R+.app */,
				0BF660E92C3692870077DB28 /* R+Tests.xctest */,
				0BF660F32C3692870077DB28 /* R+UITests.xctest */,
			);
			name = Products;
			sourceTree = "<group>";
		};
		0BF660D52C3692850077DB28 /* R+ */ = {
			isa = PBXGroup;
			children = (
				0BF661082C3692E80077DB28 /* Assets */,
				0BF661072C3692DD0077DB28 /* Support */,
				0BF661092C36952F0077DB28 /* TabBar */,
				0BF661152C369D9E0077DB28 /* Manager */,
				0BF661212C36A1FC0077DB28 /* Model */,
				0BF661062C3692D70077DB28 /* View */,
				0BF660E42C3692870077DB28 /* Info.plist */,
			);
			path = "R+";
			sourceTree = "<group>";
		};
		0BF660EC2C3692870077DB28 /* R+Tests */ = {
			isa = PBXGroup;
			children = (
				0BF660ED2C3692870077DB28 /* R_Tests.swift */,
			);
			path = "R+Tests";
			sourceTree = "<group>";
		};
		0BF660F62C3692870077DB28 /* R+UITests */ = {
			isa = PBXGroup;
			children = (
				0BF660F72C3692870077DB28 /* R_UITests.swift */,
				0BF660F92C3692870077DB28 /* R_UITestsLaunchTests.swift */,
			);
			path = "R+UITests";
			sourceTree = "<group>";
		};
		0BF661062C3692D70077DB28 /* View */ = {
			isa = PBXGroup;
			children = (
				0BF661392C3777A70077DB28 /* VideoPlayer */,
				0BF661102C3696A10077DB28 /* Favourite */,
				0BF6610F2C36969D0077DB28 /* Home */,
			);
			path = View;
			sourceTree = "<group>";
		};
		0BF661072C3692DD0077DB28 /* Support */ = {
			isa = PBXGroup;
			children = (
				0BF660D62C3692850077DB28 /* AppDelegate.swift */,
				0BF660D82C3692850077DB28 /* SceneDelegate.swift */,
				0BF660E12C3692870077DB28 /* LaunchScreen.storyboard */,
			);
			path = Support;
			sourceTree = "<group>";
		};
		0BF661082C3692E80077DB28 /* Assets */ = {
			isa = PBXGroup;
			children = (
				0BF660DF2C3692870077DB28 /* Assets.xcassets */,
			);
			path = Assets;
			sourceTree = "<group>";
		};
		0BF661092C36952F0077DB28 /* TabBar */ = {
			isa = PBXGroup;
			children = (
				0BF6610B2C3695840077DB28 /* TabBarController.swift */,
			);
			path = TabBar;
			sourceTree = "<group>";
		};
		0BF6610F2C36969D0077DB28 /* Home */ = {
			isa = PBXGroup;
			children = (
				0BF6612A2C36E9530077DB28 /* Collection View */,
				0BF660DA2C3692850077DB28 /* HomeViewController.swift */,
				0BF661352C36FED80077DB28 /* HomeViewModel.swift */,
			);
			path = Home;
			sourceTree = "<group>";
		};
		0BF661102C3696A10077DB28 /* Favourite */ = {
			isa = PBXGroup;
			children = (
				0BF661112C3696B80077DB28 /* FavouriteViewController.swift */,
			);
			path = Favourite;
			sourceTree = "<group>";
		};
		0BF661152C369D9E0077DB28 /* Manager */ = {
			isa = PBXGroup;
			children = (
				0BF661162C369DAE0077DB28 /* Session */,
				0BF6611B2C36A05B0077DB28 /* Video */,
			);
			path = Manager;
			sourceTree = "<group>";
		};
		0BF661162C369DAE0077DB28 /* Session */ = {
			isa = PBXGroup;
			children = (
				0BF661172C369DBE0077DB28 /* SessionManager.swift */,
			);
			path = Session;
			sourceTree = "<group>";
		};
		0BF6611B2C36A05B0077DB28 /* Video */ = {
			isa = PBXGroup;
			children = (
				0BF6611D2C36A07D0077DB28 /* VideoManager.swift */,
			);
			path = Video;
			sourceTree = "<group>";
		};
		0BF661212C36A1FC0077DB28 /* Model */ = {
			isa = PBXGroup;
			children = (
				0BF661222C36A20A0077DB28 /* Video.swift */,
			);
			path = Model;
			sourceTree = "<group>";
		};
		0BF6612A2C36E9530077DB28 /* Collection View */ = {
			isa = PBXGroup;
			children = (
				0BF661302C36F2170077DB28 /* Header */,
				0BF6612F2C36E9750077DB28 /* LiveVideoCell */,
			);
			path = "Collection View";
			sourceTree = "<group>";
		};
		0BF6612F2C36E9750077DB28 /* LiveVideoCell */ = {
			isa = PBXGroup;
			children = (
				0BF6612B2C36E96F0077DB28 /* VideoCell.swift */,
			);
			path = LiveVideoCell;
			sourceTree = "<group>";
		};
		0BF661302C36F2170077DB28 /* Header */ = {
			isa = PBXGroup;
			children = (
				0BF661312C36F2530077DB28 /* TitleHeaderView.swift */,
			);
			path = Header;
			sourceTree = "<group>";
		};
		0BF661392C3777A70077DB28 /* VideoPlayer */ = {
			isa = PBXGroup;
			children = (
				0BF6613E2C377A550077DB28 /* Component */,
				0BF6613A2C37784B0077DB28 /* VideoPlayerViewController.swift */,
				0BF661432C377E400077DB28 /* VideoPlayerViewModel.swift */,
			);
			path = VideoPlayer;
			sourceTree = "<group>";
		};
		0BF6613E2C377A550077DB28 /* Component */ = {
			isa = PBXGroup;
			children = (
				0BF6613F2C377A6D0077DB28 /* VideoView.swift */,
				0BF661472C3799660077DB28 /* AuthorDetailView.swift */,
				0BF6614B2C37A1110077DB28 /* VideoDescriptionView.swift */,
			);
			path = Component;
			sourceTree = "<group>";
		};
		4D31B65D94A0C64269BCBA56 /* Pods */ = {
			isa = PBXGroup;
			children = (
				D5C6289AB70FF2F72E3F6257 /* Pods-R+.debug.xcconfig */,
				4C95F3A304875D83260BAA9C /* Pods-R+.release.xcconfig */,
				0622ED714F80E8429B52E4AE /* Pods-R+-R+UITests.debug.xcconfig */,
				55FB0419C900C6CD8CF51D9A /* Pods-R+-R+UITests.release.xcconfig */,
				D5181BF3AF9A286F3D0210B5 /* Pods-R+Tests.debug.xcconfig */,
				61672EE2FE36F0A4F6832E98 /* Pods-R+Tests.release.xcconfig */,
			);
			path = Pods;
			sourceTree = "<group>";
		};
		D305C8AD97EECD38A7AB60D9 /* Frameworks */ = {
			isa = PBXGroup;
			children = (
				D62D90381B58B7CD1E65BADC /* Pods_R_.framework */,
				5F0990F915CF3C3DB20A0992 /* Pods_R__R_UITests.framework */,
				1E2735506817F6C4D3782E1B /* Pods_R_Tests.framework */,
			);
			name = Frameworks;
			sourceTree = "<group>";
		};
/* End PBXGroup section */

/* Begin PBXNativeTarget section */
		0BF660D22C3692850077DB28 /* R+ */ = {
			isa = PBXNativeTarget;
			buildConfigurationList = 0BF660FD2C3692870077DB28 /* Build configuration list for PBXNativeTarget "R+" */;
			buildPhases = (
				39A9DE788269539E6827F28F /* [CP] Check Pods Manifest.lock */,
				0BF660CF2C3692850077DB28 /* Sources */,
				0BF660D02C3692850077DB28 /* Frameworks */,
				0BF660D12C3692850077DB28 /* Resources */,
				EF7432EB20981D77409203E3 /* [CP] Embed Pods Frameworks */,
			);
			buildRules = (
			);
			dependencies = (
			);
			name = "R+";
			productName = "R+";
			productReference = 0BF660D32C3692850077DB28 /* R+.app */;
			productType = "com.apple.product-type.application";
		};
		0BF660E82C3692870077DB28 /* R+Tests */ = {
			isa = PBXNativeTarget;
			buildConfigurationList = 0BF661002C3692870077DB28 /* Build configuration list for PBXNativeTarget "R+Tests" */;
			buildPhases = (
				791BE29FC2780CD18F277D78 /* [CP] Check Pods Manifest.lock */,
				0BF660E52C3692870077DB28 /* Sources */,
				0BF660E62C3692870077DB28 /* Frameworks */,
				0BF660E72C3692870077DB28 /* Resources */,
			);
			buildRules = (
			);
			dependencies = (
				0BF660EB2C3692870077DB28 /* PBXTargetDependency */,
			);
			name = "R+Tests";
			productName = "R+Tests";
			productReference = 0BF660E92C3692870077DB28 /* R+Tests.xctest */;
			productType = "com.apple.product-type.bundle.unit-test";
		};
		0BF660F22C3692870077DB28 /* R+UITests */ = {
			isa = PBXNativeTarget;
			buildConfigurationList = 0BF661032C3692870077DB28 /* Build configuration list for PBXNativeTarget "R+UITests" */;
			buildPhases = (
				959FD9AFBBDFB5FB4E42398D /* [CP] Check Pods Manifest.lock */,
				0BF660EF2C3692870077DB28 /* Sources */,
				0BF660F02C3692870077DB28 /* Frameworks */,
				0BF660F12C3692870077DB28 /* Resources */,
				BD83F4562ECDEA25C9429D8F /* [CP] Embed Pods Frameworks */,
			);
			buildRules = (
			);
			dependencies = (
				0BF660F52C3692870077DB28 /* PBXTargetDependency */,
			);
			name = "R+UITests";
			productName = "R+UITests";
			productReference = 0BF660F32C3692870077DB28 /* R+UITests.xctest */;
			productType = "com.apple.product-type.bundle.ui-testing";
		};
/* End PBXNativeTarget section */

/* Begin PBXProject section */
		0BF660CB2C3692850077DB28 /* Project object */ = {
			isa = PBXProject;
			attributes = {
				BuildIndependentTargetsInParallel = 1;
				LastSwiftUpdateCheck = 1430;
				LastUpgradeCheck = 1430;
				TargetAttributes = {
					0BF660D22C3692850077DB28 = {
						CreatedOnToolsVersion = 14.3.1;
					};
					0BF660E82C3692870077DB28 = {
						CreatedOnToolsVersion = 14.3.1;
						TestTargetID = 0BF660D22C3692850077DB28;
					};
					0BF660F22C3692870077DB28 = {
						CreatedOnToolsVersion = 14.3.1;
						TestTargetID = 0BF660D22C3692850077DB28;
					};
				};
			};
			buildConfigurationList = 0BF660CE2C3692850077DB28 /* Build configuration list for PBXProject "R+" */;
			compatibilityVersion = "Xcode 14.0";
			developmentRegion = en;
			hasScannedForEncodings = 0;
			knownRegions = (
				en,
				Base,
			);
			mainGroup = 0BF660CA2C3692850077DB28;
			productRefGroup = 0BF660D42C3692850077DB28 /* Products */;
			projectDirPath = "";
			projectRoot = "";
			targets = (
				0BF660D22C3692850077DB28 /* R+ */,
				0BF660E82C3692870077DB28 /* R+Tests */,
				0BF660F22C3692870077DB28 /* R+UITests */,
			);
		};
/* End PBXProject section */

/* Begin PBXResourcesBuildPhase section */
		0BF660D12C3692850077DB28 /* Resources */ = {
			isa = PBXResourcesBuildPhase;
			buildActionMask = 2147483647;
			files = (
				0BF660E32C3692870077DB28 /* LaunchScreen.storyboard in Resources */,
				0BF660E02C3692870077DB28 /* Assets.xcassets in Resources */,
			);
			runOnlyForDeploymentPostprocessing = 0;
		};
		0BF660E72C3692870077DB28 /* Resources */ = {
			isa = PBXResourcesBuildPhase;
			buildActionMask = 2147483647;
			files = (
			);
			runOnlyForDeploymentPostprocessing = 0;
		};
		0BF660F12C3692870077DB28 /* Resources */ = {
			isa = PBXResourcesBuildPhase;
			buildActionMask = 2147483647;
			files = (
			);
			runOnlyForDeploymentPostprocessing = 0;
		};
/* End PBXResourcesBuildPhase section */

/* Begin PBXShellScriptBuildPhase section */
		39A9DE788269539E6827F28F /* [CP] Check Pods Manifest.lock */ = {
			isa = PBXShellScriptBuildPhase;
			buildActionMask = 2147483647;
			files = (
			);
			inputFileListPaths = (
			);
			inputPaths = (
				"${PODS_PODFILE_DIR_PATH}/Podfile.lock",
				"${PODS_ROOT}/Manifest.lock",
			);
			name = "[CP] Check Pods Manifest.lock";
			outputFileListPaths = (
			);
			outputPaths = (
				"$(DERIVED_FILE_DIR)/Pods-R+-checkManifestLockResult.txt",
			);
			runOnlyForDeploymentPostprocessing = 0;
			shellPath = /bin/sh;
			shellScript = "diff \"${PODS_PODFILE_DIR_PATH}/Podfile.lock\" \"${PODS_ROOT}/Manifest.lock\" > /dev/null\nif [ $? != 0 ] ; then\n    # print error to STDERR\n    echo \"error: The sandbox is not in sync with the Podfile.lock. Run 'pod install' or update your CocoaPods installation.\" >&2\n    exit 1\nfi\n# This output is used by Xcode 'outputs' to avoid re-running this script phase.\necho \"SUCCESS\" > \"${SCRIPT_OUTPUT_FILE_0}\"\n";
			showEnvVarsInLog = 0;
		};
		791BE29FC2780CD18F277D78 /* [CP] Check Pods Manifest.lock */ = {
			isa = PBXShellScriptBuildPhase;
			buildActionMask = 2147483647;
			files = (
			);
			inputFileListPaths = (
			);
			inputPaths = (
				"${PODS_PODFILE_DIR_PATH}/Podfile.lock",
				"${PODS_ROOT}/Manifest.lock",
			);
			name = "[CP] Check Pods Manifest.lock";
			outputFileListPaths = (
			);
			outputPaths = (
				"$(DERIVED_FILE_DIR)/Pods-R+Tests-checkManifestLockResult.txt",
			);
			runOnlyForDeploymentPostprocessing = 0;
			shellPath = /bin/sh;
			shellScript = "diff \"${PODS_PODFILE_DIR_PATH}/Podfile.lock\" \"${PODS_ROOT}/Manifest.lock\" > /dev/null\nif [ $? != 0 ] ; then\n    # print error to STDERR\n    echo \"error: The sandbox is not in sync with the Podfile.lock. Run 'pod install' or update your CocoaPods installation.\" >&2\n    exit 1\nfi\n# This output is used by Xcode 'outputs' to avoid re-running this script phase.\necho \"SUCCESS\" > \"${SCRIPT_OUTPUT_FILE_0}\"\n";
			showEnvVarsInLog = 0;
		};
		959FD9AFBBDFB5FB4E42398D /* [CP] Check Pods Manifest.lock */ = {
			isa = PBXShellScriptBuildPhase;
			buildActionMask = 2147483647;
			files = (
			);
			inputFileListPaths = (
			);
			inputPaths = (
				"${PODS_PODFILE_DIR_PATH}/Podfile.lock",
				"${PODS_ROOT}/Manifest.lock",
			);
			name = "[CP] Check Pods Manifest.lock";
			outputFileListPaths = (
			);
			outputPaths = (
				"$(DERIVED_FILE_DIR)/Pods-R+-R+UITests-checkManifestLockResult.txt",
			);
			runOnlyForDeploymentPostprocessing = 0;
			shellPath = /bin/sh;
			shellScript = "diff \"${PODS_PODFILE_DIR_PATH}/Podfile.lock\" \"${PODS_ROOT}/Manifest.lock\" > /dev/null\nif [ $? != 0 ] ; then\n    # print error to STDERR\n    echo \"error: The sandbox is not in sync with the Podfile.lock. Run 'pod install' or update your CocoaPods installation.\" >&2\n    exit 1\nfi\n# This output is used by Xcode 'outputs' to avoid re-running this script phase.\necho \"SUCCESS\" > \"${SCRIPT_OUTPUT_FILE_0}\"\n";
			showEnvVarsInLog = 0;
		};
		BD83F4562ECDEA25C9429D8F /* [CP] Embed Pods Frameworks */ = {
			isa = PBXShellScriptBuildPhase;
			buildActionMask = 2147483647;
			files = (
			);
			inputFileListPaths = (
				"${PODS_ROOT}/Target Support Files/Pods-R+-R+UITests/Pods-R+-R+UITests-frameworks-${CONFIGURATION}-input-files.xcfilelist",
			);
			name = "[CP] Embed Pods Frameworks";
			outputFileListPaths = (
				"${PODS_ROOT}/Target Support Files/Pods-R+-R+UITests/Pods-R+-R+UITests-frameworks-${CONFIGURATION}-output-files.xcfilelist",
			);
			runOnlyForDeploymentPostprocessing = 0;
			shellPath = /bin/sh;
			shellScript = "\"${PODS_ROOT}/Target Support Files/Pods-R+-R+UITests/Pods-R+-R+UITests-frameworks.sh\"\n";
			showEnvVarsInLog = 0;
		};
		EF7432EB20981D77409203E3 /* [CP] Embed Pods Frameworks */ = {
			isa = PBXShellScriptBuildPhase;
			buildActionMask = 2147483647;
			files = (
			);
			inputFileListPaths = (
				"${PODS_ROOT}/Target Support Files/Pods-R+/Pods-R+-frameworks-${CONFIGURATION}-input-files.xcfilelist",
			);
			name = "[CP] Embed Pods Frameworks";
			outputFileListPaths = (
				"${PODS_ROOT}/Target Support Files/Pods-R+/Pods-R+-frameworks-${CONFIGURATION}-output-files.xcfilelist",
			);
			runOnlyForDeploymentPostprocessing = 0;
			shellPath = /bin/sh;
			shellScript = "\"${PODS_ROOT}/Target Support Files/Pods-R+/Pods-R+-frameworks.sh\"\n";
			showEnvVarsInLog = 0;
		};
/* End PBXShellScriptBuildPhase section */

/* Begin PBXSourcesBuildPhase section */
		0BF660CF2C3692850077DB28 /* Sources */ = {
			isa = PBXSourcesBuildPhase;
			buildActionMask = 2147483647;
			files = (
				0BF661322C36F2530077DB28 /* TitleHeaderView.swift in Sources */,
				0BF661362C36FED80077DB28 /* HomeViewModel.swift in Sources */,
				0BF660DB2C3692850077DB28 /* HomeViewController.swift in Sources */,
				0BF6610C2C3695840077DB28 /* TabBarController.swift in Sources */,
				0BF661182C369DBE0077DB28 /* SessionManager.swift in Sources */,
				0BF6611E2C36A07D0077DB28 /* VideoManager.swift in Sources */,
				0BF660D72C3692850077DB28 /* AppDelegate.swift in Sources */,
				0BF661442C377E400077DB28 /* VideoPlayerViewModel.swift in Sources */,
				0BF661232C36A20A0077DB28 /* Video.swift in Sources */,
				0BF661122C3696B80077DB28 /* FavouriteViewController.swift in Sources */,
				0BF661482C3799660077DB28 /* AuthorDetailView.swift in Sources */,
				0BF6614C2C37A1110077DB28 /* VideoDescriptionView.swift in Sources */,
				0BF6613B2C37784B0077DB28 /* VideoPlayerViewController.swift in Sources */,
				0BF660D92C3692850077DB28 /* SceneDelegate.swift in Sources */,
				0BF6612C2C36E96F0077DB28 /* VideoCell.swift in Sources */,
				0BF661402C377A6D0077DB28 /* VideoView.swift in Sources */,
			);
			runOnlyForDeploymentPostprocessing = 0;
		};
		0BF660E52C3692870077DB28 /* Sources */ = {
			isa = PBXSourcesBuildPhase;
			buildActionMask = 2147483647;
			files = (
				0BF660EE2C3692870077DB28 /* R_Tests.swift in Sources */,
				0BF661372C36FED80077DB28 /* HomeViewModel.swift in Sources */,
				0BF661242C36A20A0077DB28 /* Video.swift in Sources */,
				0BF6614D2C37A1110077DB28 /* VideoDescriptionView.swift in Sources */,
				0BF661132C3696B80077DB28 /* FavouriteViewController.swift in Sources */,
				0BF661492C3799660077DB28 /* AuthorDetailView.swift in Sources */,
				0BF6611F2C36A07D0077DB28 /* VideoManager.swift in Sources */,
				0BF661192C369DBE0077DB28 /* SessionManager.swift in Sources */,
				0BF6610D2C3695840077DB28 /* TabBarController.swift in Sources */,
				0BF6613C2C37784B0077DB28 /* VideoPlayerViewController.swift in Sources */,
				0BF661332C36F2530077DB28 /* TitleHeaderView.swift in Sources */,
				0BF661452C377E400077DB28 /* VideoPlayerViewModel.swift in Sources */,
				0BF661412C377A6D0077DB28 /* VideoView.swift in Sources */,
				0BF6612D2C36E96F0077DB28 /* VideoCell.swift in Sources */,
			);
			runOnlyForDeploymentPostprocessing = 0;
		};
		0BF660EF2C3692870077DB28 /* Sources */ = {
			isa = PBXSourcesBuildPhase;
			buildActionMask = 2147483647;
			files = (
				0BF661422C377A6D0077DB28 /* VideoView.swift in Sources */,
				0BF661142C3696B80077DB28 /* FavouriteViewController.swift in Sources */,
				0BF6610E2C3695840077DB28 /* TabBarController.swift in Sources */,
				0BF6614E2C37A1110077DB28 /* VideoDescriptionView.swift in Sources */,
				0BF661462C377E400077DB28 /* VideoPlayerViewModel.swift in Sources */,
				0BF660F82C3692870077DB28 /* R_UITests.swift in Sources */,
				0BF661382C36FED80077DB28 /* HomeViewModel.swift in Sources */,
				0BF6611A2C369DBE0077DB28 /* SessionManager.swift in Sources */,
				0BF660FA2C3692870077DB28 /* R_UITestsLaunchTests.swift in Sources */,
				0BF661252C36A20A0077DB28 /* Video.swift in Sources */,
				0BF6613D2C37784B0077DB28 /* VideoPlayerViewController.swift in Sources */,
				0BF6612E2C36E96F0077DB28 /* VideoCell.swift in Sources */,
				0BF661342C36F2530077DB28 /* TitleHeaderView.swift in Sources */,
				0BF6614A2C3799660077DB28 /* AuthorDetailView.swift in Sources */,
				0BF661202C36A07D0077DB28 /* VideoManager.swift in Sources */,
			);
			runOnlyForDeploymentPostprocessing = 0;
		};
/* End PBXSourcesBuildPhase section */

/* Begin PBXTargetDependency section */
		0BF660EB2C3692870077DB28 /* PBXTargetDependency */ = {
			isa = PBXTargetDependency;
			target = 0BF660D22C3692850077DB28 /* R+ */;
			targetProxy = 0BF660EA2C3692870077DB28 /* PBXContainerItemProxy */;
		};
		0BF660F52C3692870077DB28 /* PBXTargetDependency */ = {
			isa = PBXTargetDependency;
			target = 0BF660D22C3692850077DB28 /* R+ */;
			targetProxy = 0BF660F42C3692870077DB28 /* PBXContainerItemProxy */;
		};
/* End PBXTargetDependency section */

/* Begin PBXVariantGroup section */
		0BF660E12C3692870077DB28 /* LaunchScreen.storyboard */ = {
			isa = PBXVariantGroup;
			children = (
				0BF660E22C3692870077DB28 /* Base */,
			);
			name = LaunchScreen.storyboard;
			sourceTree = "<group>";
		};
/* End PBXVariantGroup section */

/* Begin XCBuildConfiguration section */
		0BF660FB2C3692870077DB28 /* Debug */ = {
			isa = XCBuildConfiguration;
			buildSettings = {
				ALWAYS_SEARCH_USER_PATHS = NO;
				CLANG_ANALYZER_NONNULL = YES;
				CLANG_ANALYZER_NUMBER_OBJECT_CONVERSION = YES_AGGRESSIVE;
				CLANG_CXX_LANGUAGE_STANDARD = "gnu++20";
				CLANG_ENABLE_MODULES = YES;
				CLANG_ENABLE_OBJC_ARC = YES;
				CLANG_ENABLE_OBJC_WEAK = YES;
				CLANG_WARN_BLOCK_CAPTURE_AUTORELEASING = YES;
				CLANG_WARN_BOOL_CONVERSION = YES;
				CLANG_WARN_COMMA = YES;
				CLANG_WARN_CONSTANT_CONVERSION = YES;
				CLANG_WARN_DEPRECATED_OBJC_IMPLEMENTATIONS = YES;
				CLANG_WARN_DIRECT_OBJC_ISA_USAGE = YES_ERROR;
				CLANG_WARN_DOCUMENTATION_COMMENTS = YES;
				CLANG_WARN_EMPTY_BODY = YES;
				CLANG_WARN_ENUM_CONVERSION = YES;
				CLANG_WARN_INFINITE_RECURSION = YES;
				CLANG_WARN_INT_CONVERSION = YES;
				CLANG_WARN_NON_LITERAL_NULL_CONVERSION = YES;
				CLANG_WARN_OBJC_IMPLICIT_RETAIN_SELF = YES;
				CLANG_WARN_OBJC_LITERAL_CONVERSION = YES;
				CLANG_WARN_OBJC_ROOT_CLASS = YES_ERROR;
				CLANG_WARN_QUOTED_INCLUDE_IN_FRAMEWORK_HEADER = YES;
				CLANG_WARN_RANGE_LOOP_ANALYSIS = YES;
				CLANG_WARN_STRICT_PROTOTYPES = YES;
				CLANG_WARN_SUSPICIOUS_MOVE = YES;
				CLANG_WARN_UNGUARDED_AVAILABILITY = YES_AGGRESSIVE;
				CLANG_WARN_UNREACHABLE_CODE = YES;
				CLANG_WARN__DUPLICATE_METHOD_MATCH = YES;
				COPY_PHASE_STRIP = NO;
				DEBUG_INFORMATION_FORMAT = dwarf;
				ENABLE_STRICT_OBJC_MSGSEND = YES;
				ENABLE_TESTABILITY = YES;
				GCC_C_LANGUAGE_STANDARD = gnu11;
				GCC_DYNAMIC_NO_PIC = NO;
				GCC_NO_COMMON_BLOCKS = YES;
				GCC_OPTIMIZATION_LEVEL = 0;
				GCC_PREPROCESSOR_DEFINITIONS = (
					"DEBUG=1",
					"$(inherited)",
				);
				GCC_WARN_64_TO_32_BIT_CONVERSION = YES;
				GCC_WARN_ABOUT_RETURN_TYPE = YES_ERROR;
				GCC_WARN_UNDECLARED_SELECTOR = YES;
				GCC_WARN_UNINITIALIZED_AUTOS = YES_AGGRESSIVE;
				GCC_WARN_UNUSED_FUNCTION = YES;
				GCC_WARN_UNUSED_VARIABLE = YES;
				IPHONEOS_DEPLOYMENT_TARGET = 13.0;
				MTL_ENABLE_DEBUG_INFO = INCLUDE_SOURCE;
				MTL_FAST_MATH = YES;
				ONLY_ACTIVE_ARCH = YES;
				SDKROOT = iphoneos;
				SWIFT_ACTIVE_COMPILATION_CONDITIONS = DEBUG;
				SWIFT_OPTIMIZATION_LEVEL = "-Onone";
			};
			name = Debug;
		};
		0BF660FC2C3692870077DB28 /* Release */ = {
			isa = XCBuildConfiguration;
			buildSettings = {
				ALWAYS_SEARCH_USER_PATHS = NO;
				CLANG_ANALYZER_NONNULL = YES;
				CLANG_ANALYZER_NUMBER_OBJECT_CONVERSION = YES_AGGRESSIVE;
				CLANG_CXX_LANGUAGE_STANDARD = "gnu++20";
				CLANG_ENABLE_MODULES = YES;
				CLANG_ENABLE_OBJC_ARC = YES;
				CLANG_ENABLE_OBJC_WEAK = YES;
				CLANG_WARN_BLOCK_CAPTURE_AUTORELEASING = YES;
				CLANG_WARN_BOOL_CONVERSION = YES;
				CLANG_WARN_COMMA = YES;
				CLANG_WARN_CONSTANT_CONVERSION = YES;
				CLANG_WARN_DEPRECATED_OBJC_IMPLEMENTATIONS = YES;
				CLANG_WARN_DIRECT_OBJC_ISA_USAGE = YES_ERROR;
				CLANG_WARN_DOCUMENTATION_COMMENTS = YES;
				CLANG_WARN_EMPTY_BODY = YES;
				CLANG_WARN_ENUM_CONVERSION = YES;
				CLANG_WARN_INFINITE_RECURSION = YES;
				CLANG_WARN_INT_CONVERSION = YES;
				CLANG_WARN_NON_LITERAL_NULL_CONVERSION = YES;
				CLANG_WARN_OBJC_IMPLICIT_RETAIN_SELF = YES;
				CLANG_WARN_OBJC_LITERAL_CONVERSION = YES;
				CLANG_WARN_OBJC_ROOT_CLASS = YES_ERROR;
				CLANG_WARN_QUOTED_INCLUDE_IN_FRAMEWORK_HEADER = YES;
				CLANG_WARN_RANGE_LOOP_ANALYSIS = YES;
				CLANG_WARN_STRICT_PROTOTYPES = YES;
				CLANG_WARN_SUSPICIOUS_MOVE = YES;
				CLANG_WARN_UNGUARDED_AVAILABILITY = YES_AGGRESSIVE;
				CLANG_WARN_UNREACHABLE_CODE = YES;
				CLANG_WARN__DUPLICATE_METHOD_MATCH = YES;
				COPY_PHASE_STRIP = NO;
				DEBUG_INFORMATION_FORMAT = "dwarf-with-dsym";
				ENABLE_NS_ASSERTIONS = NO;
				ENABLE_STRICT_OBJC_MSGSEND = YES;
				GCC_C_LANGUAGE_STANDARD = gnu11;
				GCC_NO_COMMON_BLOCKS = YES;
				GCC_WARN_64_TO_32_BIT_CONVERSION = YES;
				GCC_WARN_ABOUT_RETURN_TYPE = YES_ERROR;
				GCC_WARN_UNDECLARED_SELECTOR = YES;
				GCC_WARN_UNINITIALIZED_AUTOS = YES_AGGRESSIVE;
				GCC_WARN_UNUSED_FUNCTION = YES;
				GCC_WARN_UNUSED_VARIABLE = YES;
				IPHONEOS_DEPLOYMENT_TARGET = 13.0;
				MTL_ENABLE_DEBUG_INFO = NO;
				MTL_FAST_MATH = YES;
				SDKROOT = iphoneos;
				SWIFT_COMPILATION_MODE = wholemodule;
				SWIFT_OPTIMIZATION_LEVEL = "-O";
				VALIDATE_PRODUCT = YES;
			};
			name = Release;
		};
		0BF660FE2C3692870077DB28 /* Debug */ = {
			isa = XCBuildConfiguration;
			baseConfigurationReference = D5C6289AB70FF2F72E3F6257 /* Pods-R+.debug.xcconfig */;
			buildSettings = {
				ASSETCATALOG_COMPILER_APPICON_NAME = AppIcon;
				ASSETCATALOG_COMPILER_GLOBAL_ACCENT_COLOR_NAME = AccentColor;
				CODE_SIGN_STYLE = Automatic;
				CURRENT_PROJECT_VERSION = 1;
				DEVELOPMENT_TEAM = 96NGVZV8JL;
				GENERATE_INFOPLIST_FILE = YES;
				INFOPLIST_FILE = "R+/Info.plist";
				INFOPLIST_KEY_UIApplicationSupportsIndirectInputEvents = YES;
				INFOPLIST_KEY_UILaunchStoryboardName = LaunchScreen;
				INFOPLIST_KEY_UIMainStoryboardFile = "";
				INFOPLIST_KEY_UISupportedInterfaceOrientations_iPad = "UIInterfaceOrientationPortrait UIInterfaceOrientationPortraitUpsideDown UIInterfaceOrientationLandscapeLeft UIInterfaceOrientationLandscapeRight";
				INFOPLIST_KEY_UISupportedInterfaceOrientations_iPhone = "UIInterfaceOrientationPortrait UIInterfaceOrientationLandscapeLeft UIInterfaceOrientationLandscapeRight";
				IPHONEOS_DEPLOYMENT_TARGET = 13.0;
				LD_RUNPATH_SEARCH_PATHS = (
					"$(inherited)",
					"@executable_path/Frameworks",
				);
				MARKETING_VERSION = 1.0;
				PRODUCT_BUNDLE_IDENTIFIER = "com.williamjh.R-";
				PRODUCT_NAME = "$(TARGET_NAME)";
				SWIFT_EMIT_LOC_STRINGS = YES;
				SWIFT_VERSION = 5.0;
				TARGETED_DEVICE_FAMILY = "1,2";
			};
			name = Debug;
		};
		0BF660FF2C3692870077DB28 /* Release */ = {
			isa = XCBuildConfiguration;
			baseConfigurationReference = 4C95F3A304875D83260BAA9C /* Pods-R+.release.xcconfig */;
			buildSettings = {
				ASSETCATALOG_COMPILER_APPICON_NAME = AppIcon;
				ASSETCATALOG_COMPILER_GLOBAL_ACCENT_COLOR_NAME = AccentColor;
				CODE_SIGN_STYLE = Automatic;
				CURRENT_PROJECT_VERSION = 1;
				DEVELOPMENT_TEAM = 96NGVZV8JL;
				GENERATE_INFOPLIST_FILE = YES;
				INFOPLIST_FILE = "R+/Info.plist";
				INFOPLIST_KEY_UIApplicationSupportsIndirectInputEvents = YES;
				INFOPLIST_KEY_UILaunchStoryboardName = LaunchScreen;
				INFOPLIST_KEY_UIMainStoryboardFile = "";
				INFOPLIST_KEY_UISupportedInterfaceOrientations_iPad = "UIInterfaceOrientationPortrait UIInterfaceOrientationPortraitUpsideDown UIInterfaceOrientationLandscapeLeft UIInterfaceOrientationLandscapeRight";
				INFOPLIST_KEY_UISupportedInterfaceOrientations_iPhone = "UIInterfaceOrientationPortrait UIInterfaceOrientationLandscapeLeft UIInterfaceOrientationLandscapeRight";
				IPHONEOS_DEPLOYMENT_TARGET = 13.0;
				LD_RUNPATH_SEARCH_PATHS = (
					"$(inherited)",
					"@executable_path/Frameworks",
				);
				MARKETING_VERSION = 1.0;
				PRODUCT_BUNDLE_IDENTIFIER = "com.williamjh.R-";
				PRODUCT_NAME = "$(TARGET_NAME)";
				SWIFT_EMIT_LOC_STRINGS = YES;
				SWIFT_VERSION = 5.0;
				TARGETED_DEVICE_FAMILY = "1,2";
			};
			name = Release;
		};
		0BF661012C3692870077DB28 /* Debug */ = {
			isa = XCBuildConfiguration;
			baseConfigurationReference = D5181BF3AF9A286F3D0210B5 /* Pods-R+Tests.debug.xcconfig */;
			buildSettings = {
				ALWAYS_EMBED_SWIFT_STANDARD_LIBRARIES = YES;
				BUNDLE_LOADER = "$(TEST_HOST)";
				CODE_SIGN_STYLE = Automatic;
				CURRENT_PROJECT_VERSION = 1;
				DEVELOPMENT_TEAM = 96NGVZV8JL;
				GENERATE_INFOPLIST_FILE = YES;
				IPHONEOS_DEPLOYMENT_TARGET = 13.0;
				MARKETING_VERSION = 1.0;
				PRODUCT_BUNDLE_IDENTIFIER = "com.williamjh.R-Tests";
				PRODUCT_NAME = "$(TARGET_NAME)";
				SWIFT_EMIT_LOC_STRINGS = NO;
				SWIFT_VERSION = 5.0;
				TARGETED_DEVICE_FAMILY = "1,2";
				TEST_HOST = "$(BUILT_PRODUCTS_DIR)/R+.app/$(BUNDLE_EXECUTABLE_FOLDER_PATH)/R+";
			};
			name = Debug;
		};
		0BF661022C3692870077DB28 /* Release */ = {
			isa = XCBuildConfiguration;
			baseConfigurationReference = 61672EE2FE36F0A4F6832E98 /* Pods-R+Tests.release.xcconfig */;
			buildSettings = {
				ALWAYS_EMBED_SWIFT_STANDARD_LIBRARIES = YES;
				BUNDLE_LOADER = "$(TEST_HOST)";
				CODE_SIGN_STYLE = Automatic;
				CURRENT_PROJECT_VERSION = 1;
				DEVELOPMENT_TEAM = 96NGVZV8JL;
				GENERATE_INFOPLIST_FILE = YES;
				IPHONEOS_DEPLOYMENT_TARGET = 13.0;
				MARKETING_VERSION = 1.0;
				PRODUCT_BUNDLE_IDENTIFIER = "com.williamjh.R-Tests";
				PRODUCT_NAME = "$(TARGET_NAME)";
				SWIFT_EMIT_LOC_STRINGS = NO;
				SWIFT_VERSION = 5.0;
				TARGETED_DEVICE_FAMILY = "1,2";
				TEST_HOST = "$(BUILT_PRODUCTS_DIR)/R+.app/$(BUNDLE_EXECUTABLE_FOLDER_PATH)/R+";
			};
			name = Release;
		};
		0BF661042C3692870077DB28 /* Debug */ = {
			isa = XCBuildConfiguration;
			baseConfigurationReference = 0622ED714F80E8429B52E4AE /* Pods-R+-R+UITests.debug.xcconfig */;
			buildSettings = {
				ALWAYS_EMBED_SWIFT_STANDARD_LIBRARIES = YES;
				CODE_SIGN_STYLE = Automatic;
				CURRENT_PROJECT_VERSION = 1;
				DEVELOPMENT_TEAM = 96NGVZV8JL;
				GENERATE_INFOPLIST_FILE = YES;
				MARKETING_VERSION = 1.0;
				PRODUCT_BUNDLE_IDENTIFIER = "com.williamjh.R-UITests";
				PRODUCT_NAME = "$(TARGET_NAME)";
				SWIFT_EMIT_LOC_STRINGS = NO;
				SWIFT_VERSION = 5.0;
				TARGETED_DEVICE_FAMILY = "1,2";
				TEST_TARGET_NAME = "R+";
			};
			name = Debug;
		};
		0BF661052C3692870077DB28 /* Release */ = {
			isa = XCBuildConfiguration;
			baseConfigurationReference = 55FB0419C900C6CD8CF51D9A /* Pods-R+-R+UITests.release.xcconfig */;
			buildSettings = {
				ALWAYS_EMBED_SWIFT_STANDARD_LIBRARIES = YES;
				CODE_SIGN_STYLE = Automatic;
				CURRENT_PROJECT_VERSION = 1;
				DEVELOPMENT_TEAM = 96NGVZV8JL;
				GENERATE_INFOPLIST_FILE = YES;
				MARKETING_VERSION = 1.0;
				PRODUCT_BUNDLE_IDENTIFIER = "com.williamjh.R-UITests";
				PRODUCT_NAME = "$(TARGET_NAME)";
				SWIFT_EMIT_LOC_STRINGS = NO;
				SWIFT_VERSION = 5.0;
				TARGETED_DEVICE_FAMILY = "1,2";
				TEST_TARGET_NAME = "R+";
			};
			name = Release;
		};
/* End XCBuildConfiguration section */

/* Begin XCConfigurationList section */
		0BF660CE2C3692850077DB28 /* Build configuration list for PBXProject "R+" */ = {
			isa = XCConfigurationList;
			buildConfigurations = (
				0BF660FB2C3692870077DB28 /* Debug */,
				0BF660FC2C3692870077DB28 /* Release */,
			);
			defaultConfigurationIsVisible = 0;
			defaultConfigurationName = Release;
		};
		0BF660FD2C3692870077DB28 /* Build configuration list for PBXNativeTarget "R+" */ = {
			isa = XCConfigurationList;
			buildConfigurations = (
				0BF660FE2C3692870077DB28 /* Debug */,
				0BF660FF2C3692870077DB28 /* Release */,
			);
			defaultConfigurationIsVisible = 0;
			defaultConfigurationName = Release;
		};
		0BF661002C3692870077DB28 /* Build configuration list for PBXNativeTarget "R+Tests" */ = {
			isa = XCConfigurationList;
			buildConfigurations = (
				0BF661012C3692870077DB28 /* Debug */,
				0BF661022C3692870077DB28 /* Release */,
			);
			defaultConfigurationIsVisible = 0;
			defaultConfigurationName = Release;
		};
		0BF661032C3692870077DB28 /* Build configuration list for PBXNativeTarget "R+UITests" */ = {
			isa = XCConfigurationList;
			buildConfigurations = (
				0BF661042C3692870077DB28 /* Debug */,
				0BF661052C3692870077DB28 /* Release */,
			);
			defaultConfigurationIsVisible = 0;
			defaultConfigurationName = Release;
		};
/* End XCConfigurationList section */
	};
	rootObject = 0BF660CB2C3692850077DB28 /* Project object */;
}
